{
  "version": 4,
  "terraform_version": "1.3.4",
  "serial": 4,
  "lineage": "230fe346-7a58-479d-3661-d6f901202600",
  "outputs": {},
  "resources": [
    {
      "mode": "managed",
      "type": "aws_instance",
      "name": "webserver-stg",
      "provider": "provider[\"registry.terraform.io/hashicorp/aws\"]",
      "instances": [
        {
          "index_key": 0,
          "schema_version": 1,
          "attributes": {
            "ami": "ami-09d3b3274b6c5d4aa",
            "arn": "arn:aws:ec2:us-east-1:221968583774:instance/i-0ad5441a03e692d8f",
            "associate_public_ip_address": true,
            "availability_zone": "us-east-1b",
            "capacity_reservation_specification": [
              {
                "capacity_reservation_preference": "open",
                "capacity_reservation_target": []
              }
            ],
            "cpu_core_count": 1,
            "cpu_threads_per_core": 2,
            "credit_specification": [
              {
                "cpu_credits": "unlimited"
              }
            ],
            "disable_api_stop": false,
            "disable_api_termination": false,
            "ebs_block_device": [],
            "ebs_optimized": false,
            "enclave_options": [
              {
                "enabled": false
              }
            ],
            "ephemeral_block_device": [],
            "get_password_data": false,
            "hibernation": false,
            "host_id": null,
            "host_resource_group_arn": null,
            "iam_instance_profile": "",
            "id": "i-0ad5441a03e692d8f",
            "instance_initiated_shutdown_behavior": "stop",
            "instance_state": "running",
            "instance_type": "t3.micro",
            "ipv6_address_count": 0,
            "ipv6_addresses": [],
            "key_name": "tdemo1",
            "launch_template": [],
            "maintenance_options": [
              {
                "auto_recovery": "default"
              }
            ],
            "metadata_options": [
              {
                "http_endpoint": "enabled",
                "http_put_response_hop_limit": 1,
                "http_tokens": "optional",
                "instance_metadata_tags": "disabled"
              }
            ],
            "monitoring": false,
            "network_interface": [],
            "outpost_arn": "",
            "password_data": "",
            "placement_group": "",
            "placement_partition_number": null,
            "primary_network_interface_id": "eni-0beeb2d97454c4ab8",
            "private_dns": "ip-172-31-2-169.ec2.internal",
            "private_dns_name_options": [
              {
                "enable_resource_name_dns_a_record": false,
                "enable_resource_name_dns_aaaa_record": false,
                "hostname_type": "ip-name"
              }
            ],
            "private_ip": "172.31.2.169",
            "public_dns": "ec2-34-236-237-7.compute-1.amazonaws.com",
            "public_ip": "34.236.237.7",
            "root_block_device": [
              {
                "delete_on_termination": true,
                "device_name": "/dev/xvda",
                "encrypted": false,
                "iops": 100,
                "kms_key_id": "",
                "tags": {},
                "throughput": 0,
                "volume_id": "vol-0465954c617176809",
                "volume_size": 8,
                "volume_type": "gp2"
              }
            ],
            "secondary_private_ips": [],
            "security_groups": [
              "tdemo-sg"
            ],
            "source_dest_check": true,
            "subnet_id": "subnet-054d08f74e853c82d",
            "tags": {
              "Env": "dev",
              "Name": "Web Server",
              "Project": "demo"
            },
            "tags_all": {
              "Env": "dev",
              "Name": "Web Server",
              "Project": "demo"
            },
            "tenancy": "default",
            "timeouts": null,
            "user_data": null,
            "user_data_base64": null,
            "user_data_replace_on_change": false,
            "volume_tags": null,
            "vpc_security_group_ids": [
              "sg-0c7e80fa3574105f4"
            ]
          },
          "sensitive_attributes": [],
          "private": "eyJlMmJmYjczMC1lY2FhLTExZTYtOGY4OC0zNDM2M2JjN2M0YzAiOnsiY3JlYXRlIjo2MDAwMDAwMDAwMDAsImRlbGV0ZSI6MTIwMDAwMDAwMDAwMCwidXBkYXRlIjo2MDAwMDAwMDAwMDB9LCJzY2hlbWFfdmVyc2lvbiI6IjEifQ==",
          "dependencies": [
            "aws_security_group.tdemo-sg"
          ]
        }
      ]
    },
    {
      "mode": "managed",
      "type": "aws_key_pair",
      "name": "tdemo1",
      "provider": "provider[\"registry.terraform.io/hashicorp/aws\"]",
      "instances": [
        {
          "schema_version": 1,
          "attributes": {
            "arn": "arn:aws:ec2:us-east-1:221968583774:key-pair/tdemo1",
            "fingerprint": "f6:5c:3e:b2:13:90:c9:f3:68:3f:20:4d:9a:7d:5f:69",
            "id": "tdemo1",
            "key_name": "tdemo1",
            "key_name_prefix": "",
            "key_pair_id": "key-0f0822605bd49a7e7",
            "key_type": "rsa",
            "public_key": "ssh-rsa AAAAB3NzaC1yc2EAAAADAQABAAABgQD8p09MVlfOSAgo5s73uonKWhK91hytr++lgq34S2Je/24ZJ/VvK42nuC83OZFkwKCrssVBbO8w8ogSmfp5j1mkPrLypCX4tk70u/KzRsbXmCHbGWrHnzgSn9Q0nhr7Bxoh1hGxLcTPovaWy8PIYeah13vtDhdDvLS7Eg+lzqV1t9uItviWrHe8LInYbJdsInqL07/j3bMQ4YJg+NwrOEA12Ig9s7u1GGOUjs2p51LY134yZLqb57uenRBv+7gexCWULC3oD0Mhc+a+gzFehkCMkMfvSfvGgrO4JQjFFbTkaPYgA1yuzm6xOMDWzp8qHR9Y2bb+pMQpc0SrszAX9fNkO3BNWHkHWLNhmRMzx+WoiWa0DcPEbsNggUgB/SKcbddWUvkKJJWyOmjbroAge7cAeWVWiROQ47mXlSMssHCYwkyEOmqQlcvO7jOu4uK+LEpCM59rJlhQ84pvzj/WXJ4ozneSYiMlmCdGhGN8JB5deoBBHCcPPdeBeWzjuNJAwkE= Upwork@MELZ-HP-LAPTOP",
            "tags": null,
            "tags_all": {}
          },
          "sensitive_attributes": [],
          "private": "eyJzY2hlbWFfdmVyc2lvbiI6IjEifQ=="
        }
      ]
    },
    {
      "mode": "managed",
      "type": "aws_security_group",
      "name": "tdemo-sg",
      "provider": "provider[\"registry.terraform.io/hashicorp/aws\"]",
      "instances": [
        {
          "schema_version": 1,
          "attributes": {
            "arn": "arn:aws:ec2:us-east-1:221968583774:security-group/sg-0c7e80fa3574105f4",
            "description": "Allow SSH and HTTP",
            "egress": [
              {
                "cidr_blocks": [
                  "0.0.0.0/0"
                ],
                "description": "",
                "from_port": 0,
                "ipv6_cidr_blocks": [],
                "prefix_list_ids": [],
                "protocol": "-1",
                "security_groups": [],
                "self": false,
                "to_port": 0
              }
            ],
            "id": "sg-0c7e80fa3574105f4",
            "ingress": [
              {
                "cidr_blocks": [
                  "0.0.0.0/0"
                ],
                "description": "HTTP",
                "from_port": 80,
                "ipv6_cidr_blocks": [],
                "prefix_list_ids": [],
                "protocol": "tcp",
                "security_groups": [],
                "self": false,
                "to_port": 80
              },
              {
                "cidr_blocks": [
                  "0.0.0.0/0"
                ],
                "description": "SSH",
                "from_port": 22,
                "ipv6_cidr_blocks": [],
                "prefix_list_ids": [],
                "protocol": "tcp",
                "security_groups": [],
                "self": false,
                "to_port": 22
              }
            ],
            "name": "tdemo-sg",
            "name_prefix": "",
            "owner_id": "221968583774",
            "revoke_rules_on_delete": false,
            "tags": {
              "Name": "tdemo-sg"
            },
            "tags_all": {
              "Name": "tdemo-sg"
            },
            "timeouts": null,
            "vpc_id": "vpc-052c5e9e8d32b3c49"
          },
          "sensitive_attributes": [],
          "private": "eyJlMmJmYjczMC1lY2FhLTExZTYtOGY4OC0zNDM2M2JjN2M0YzAiOnsiY3JlYXRlIjo2MDAwMDAwMDAwMDAsImRlbGV0ZSI6OTAwMDAwMDAwMDAwfSwic2NoZW1hX3ZlcnNpb24iOiIxIn0="
        }
      ]
    }
  ],
  "check_results": null
}
