{
  "version": 4,
  "terraform_version": "1.3.4",
  "serial": 25,
  "lineage": "672d327c-87ec-056e-d2ee-6a508c1e5500",
  "outputs": {
    "instance_id": {
      "value": "i-0482ac7cea6c55bbd",
      "type": "string"
    },
    "instance_ip_private": {
      "value": "172.31.6.191",
      "type": "string"
    },
    "instance_ip_public": {
      "value": "3.239.102.148",
      "type": "string"
    }
  },
  "resources": [
    {
      "mode": "managed",
      "type": "aws_instance",
      "name": "webserver",
      "provider": "provider[\"registry.terraform.io/hashicorp/aws\"]",
      "instances": [
        {
          "schema_version": 1,
          "attributes": {
            "ami": "ami-0149b2da6ceec4bb0",
            "arn": "arn:aws:ec2:us-east-1:221968583774:instance/i-0482ac7cea6c55bbd",
            "associate_public_ip_address": true,
            "availability_zone": "us-east-1b",
            "capacity_reservation_specification": [
              {
                "capacity_reservation_preference": "open",
                "capacity_reservation_target": []
              }
            ],
            "cpu_core_count": 1,
            "cpu_threads_per_core": 2,
            "credit_specification": [
              {
                "cpu_credits": "unlimited"
              }
            ],
            "disable_api_stop": false,
            "disable_api_termination": false,
            "ebs_block_device": [],
            "ebs_optimized": false,
            "enclave_options": [
              {
                "enabled": false
              }
            ],
            "ephemeral_block_device": [],
            "get_password_data": false,
            "hibernation": false,
            "host_id": null,
            "host_resource_group_arn": null,
            "iam_instance_profile": "",
            "id": "i-0482ac7cea6c55bbd",
            "instance_initiated_shutdown_behavior": "stop",
            "instance_state": "running",
            "instance_type": "t3.nano",
            "ipv6_address_count": 0,
            "ipv6_addresses": [],
            "key_name": "tdemo1",
            "launch_template": [],
            "maintenance_options": [
              {
                "auto_recovery": "default"
              }
            ],
            "metadata_options": [
              {
                "http_endpoint": "enabled",
                "http_put_response_hop_limit": 1,
                "http_tokens": "optional",
                "instance_metadata_tags": "disabled"
              }
            ],
            "monitoring": false,
            "network_interface": [],
            "outpost_arn": "",
            "password_data": "",
            "placement_group": "",
            "placement_partition_number": null,
            "primary_network_interface_id": "eni-022df16f9d4d0f1cc",
            "private_dns": "ip-172-31-6-191.ec2.internal",
            "private_dns_name_options": [
              {
                "enable_resource_name_dns_a_record": false,
                "enable_resource_name_dns_aaaa_record": false,
                "hostname_type": "ip-name"
              }
            ],
            "private_ip": "172.31.6.191",
            "public_dns": "ec2-3-239-102-148.compute-1.amazonaws.com",
            "public_ip": "3.239.102.148",
            "root_block_device": [
              {
                "delete_on_termination": true,
                "device_name": "/dev/sda1",
                "encrypted": false,
                "iops": 100,
                "kms_key_id": "",
                "tags": {},
                "throughput": 0,
                "volume_id": "vol-027355f5ada646dc9",
                "volume_size": 8,
                "volume_type": "gp2"
              }
            ],
            "secondary_private_ips": [],
            "security_groups": [
              "tdemo-sg"
            ],
            "source_dest_check": true,
            "subnet_id": "subnet-054d08f74e853c82d",
            "tags": {
              "Env": "dev",
              "Name": "web-server",
              "Project": "demo"
            },
            "tags_all": {
              "Env": "dev",
              "Name": "web-server",
              "Project": "demo"
            },
            "tenancy": "default",
            "timeouts": null,
            "user_data": null,
            "user_data_base64": null,
            "user_data_replace_on_change": false,
            "volume_tags": null,
            "vpc_security_group_ids": [
              "sg-0f65a4aaac6a7d65f"
            ]
          },
          "sensitive_attributes": [],
          "private": "eyJlMmJmYjczMC1lY2FhLTExZTYtOGY4OC0zNDM2M2JjN2M0YzAiOnsiY3JlYXRlIjo2MDAwMDAwMDAwMDAsImRlbGV0ZSI6MTIwMDAwMDAwMDAwMCwidXBkYXRlIjo2MDAwMDAwMDAwMDB9LCJzY2hlbWFfdmVyc2lvbiI6IjEifQ==",
          "dependencies": [
            "aws_security_group.tdemo-sg"
          ]
        }
      ]
    },
    {
      "mode": "managed",
      "type": "aws_key_pair",
      "name": "tdemo1",
      "provider": "provider[\"registry.terraform.io/hashicorp/aws\"]",
      "instances": [
        {
          "schema_version": 1,
          "attributes": {
            "arn": "arn:aws:ec2:us-east-1:221968583774:key-pair/tdemo1",
            "fingerprint": "f6:5c:3e:b2:13:90:c9:f3:68:3f:20:4d:9a:7d:5f:69",
            "id": "tdemo1",
            "key_name": "tdemo1",
            "key_name_prefix": "",
            "key_pair_id": "key-0e91638a6c576bd93",
            "key_type": "rsa",
            "public_key": "ssh-rsa AAAAB3NzaC1yc2EAAAADAQABAAABgQD8p09MVlfOSAgo5s73uonKWhK91hytr++lgq34S2Je/24ZJ/VvK42nuC83OZFkwKCrssVBbO8w8ogSmfp5j1mkPrLypCX4tk70u/KzRsbXmCHbGWrHnzgSn9Q0nhr7Bxoh1hGxLcTPovaWy8PIYeah13vtDhdDvLS7Eg+lzqV1t9uItviWrHe8LInYbJdsInqL07/j3bMQ4YJg+NwrOEA12Ig9s7u1GGOUjs2p51LY134yZLqb57uenRBv+7gexCWULC3oD0Mhc+a+gzFehkCMkMfvSfvGgrO4JQjFFbTkaPYgA1yuzm6xOMDWzp8qHR9Y2bb+pMQpc0SrszAX9fNkO3BNWHkHWLNhmRMzx+WoiWa0DcPEbsNggUgB/SKcbddWUvkKJJWyOmjbroAge7cAeWVWiROQ47mXlSMssHCYwkyEOmqQlcvO7jOu4uK+LEpCM59rJlhQ84pvzj/WXJ4ozneSYiMlmCdGhGN8JB5deoBBHCcPPdeBeWzjuNJAwkE= Upwork@MELZ-HP-LAPTOP",
            "tags": null,
            "tags_all": {}
          },
          "sensitive_attributes": [],
          "private": "eyJzY2hlbWFfdmVyc2lvbiI6IjEifQ=="
        }
      ]
    },
    {
      "mode": "managed",
      "type": "aws_lb",
      "name": "alb",
      "provider": "provider[\"registry.terraform.io/hashicorp/aws\"]",
      "instances": [
        {
          "index_key": 0,
          "schema_version": 0,
          "attributes": {
            "access_logs": [
              {
                "bucket": "",
                "enabled": false,
                "prefix": ""
              }
            ],
            "arn": "arn:aws:elasticloadbalancing:us-east-1:221968583774:loadbalancer/app/dev-alb/696d6ce4cebe90ef",
            "arn_suffix": "app/dev-alb/696d6ce4cebe90ef",
            "customer_owned_ipv4_pool": "",
            "desync_mitigation_mode": "defensive",
            "dns_name": "dev-alb-1437154674.us-east-1.elb.amazonaws.com",
            "drop_invalid_header_fields": false,
            "enable_cross_zone_load_balancing": null,
            "enable_deletion_protection": false,
            "enable_http2": true,
            "enable_waf_fail_open": false,
            "id": "arn:aws:elasticloadbalancing:us-east-1:221968583774:loadbalancer/app/dev-alb/696d6ce4cebe90ef",
            "idle_timeout": 60,
            "internal": false,
            "ip_address_type": "ipv4",
            "load_balancer_type": "application",
            "name": "dev-alb",
            "name_prefix": null,
            "preserve_host_header": false,
            "security_groups": [
              "sg-0f65a4aaac6a7d65f"
            ],
            "subnet_mapping": [
              {
                "allocation_id": "",
                "ipv6_address": "",
                "outpost_id": "",
                "private_ipv4_address": "",
                "subnet_id": "subnet-054d08f74e853c82d"
              },
              {
                "allocation_id": "",
                "ipv6_address": "",
                "outpost_id": "",
                "private_ipv4_address": "",
                "subnet_id": "subnet-057732de51f5f4cbd"
              },
              {
                "allocation_id": "",
                "ipv6_address": "",
                "outpost_id": "",
                "private_ipv4_address": "",
                "subnet_id": "subnet-0cfaa19876aecaa99"
              }
            ],
            "subnets": [
              "subnet-054d08f74e853c82d",
              "subnet-057732de51f5f4cbd",
              "subnet-0cfaa19876aecaa99"
            ],
            "tags": {
              "Env": "dev",
              "Name": "dev-alb"
            },
            "tags_all": {
              "Env": "dev",
              "Name": "dev-alb"
            },
            "timeouts": null,
            "vpc_id": "vpc-052c5e9e8d32b3c49",
            "zone_id": "Z35SXDOTRQ7X7K"
          },
          "sensitive_attributes": [],
          "private": "eyJlMmJmYjczMC1lY2FhLTExZTYtOGY4OC0zNDM2M2JjN2M0YzAiOnsiY3JlYXRlIjo2MDAwMDAwMDAwMDAsImRlbGV0ZSI6NjAwMDAwMDAwMDAwLCJ1cGRhdGUiOjYwMDAwMDAwMDAwMH19",
          "dependencies": [
            "aws_security_group.tdemo-sg"
          ]
        },
        {
          "index_key": 1,
          "schema_version": 0,
          "attributes": {
            "access_logs": [
              {
                "bucket": "",
                "enabled": false,
                "prefix": ""
              }
            ],
            "arn": "arn:aws:elasticloadbalancing:us-east-1:221968583774:loadbalancer/app/stg-alb/689c019888788d59",
            "arn_suffix": "app/stg-alb/689c019888788d59",
            "customer_owned_ipv4_pool": "",
            "desync_mitigation_mode": "defensive",
            "dns_name": "stg-alb-989382467.us-east-1.elb.amazonaws.com",
            "drop_invalid_header_fields": false,
            "enable_cross_zone_load_balancing": null,
            "enable_deletion_protection": false,
            "enable_http2": true,
            "enable_waf_fail_open": false,
            "id": "arn:aws:elasticloadbalancing:us-east-1:221968583774:loadbalancer/app/stg-alb/689c019888788d59",
            "idle_timeout": 60,
            "internal": false,
            "ip_address_type": "ipv4",
            "load_balancer_type": "application",
            "name": "stg-alb",
            "name_prefix": null,
            "preserve_host_header": false,
            "security_groups": [
              "sg-0f65a4aaac6a7d65f"
            ],
            "subnet_mapping": [
              {
                "allocation_id": "",
                "ipv6_address": "",
                "outpost_id": "",
                "private_ipv4_address": "",
                "subnet_id": "subnet-054d08f74e853c82d"
              },
              {
                "allocation_id": "",
                "ipv6_address": "",
                "outpost_id": "",
                "private_ipv4_address": "",
                "subnet_id": "subnet-057732de51f5f4cbd"
              },
              {
                "allocation_id": "",
                "ipv6_address": "",
                "outpost_id": "",
                "private_ipv4_address": "",
                "subnet_id": "subnet-0cfaa19876aecaa99"
              }
            ],
            "subnets": [
              "subnet-054d08f74e853c82d",
              "subnet-057732de51f5f4cbd",
              "subnet-0cfaa19876aecaa99"
            ],
            "tags": {
              "Env": "stg",
              "Name": "stg-alb"
            },
            "tags_all": {
              "Env": "stg",
              "Name": "stg-alb"
            },
            "timeouts": null,
            "vpc_id": "vpc-052c5e9e8d32b3c49",
            "zone_id": "Z35SXDOTRQ7X7K"
          },
          "sensitive_attributes": [],
          "private": "eyJlMmJmYjczMC1lY2FhLTExZTYtOGY4OC0zNDM2M2JjN2M0YzAiOnsiY3JlYXRlIjo2MDAwMDAwMDAwMDAsImRlbGV0ZSI6NjAwMDAwMDAwMDAwLCJ1cGRhdGUiOjYwMDAwMDAwMDAwMH19",
          "dependencies": [
            "aws_security_group.tdemo-sg"
          ]
        },
        {
          "index_key": 2,
          "schema_version": 0,
          "attributes": {
            "access_logs": [
              {
                "bucket": "",
                "enabled": false,
                "prefix": ""
              }
            ],
            "arn": "arn:aws:elasticloadbalancing:us-east-1:221968583774:loadbalancer/app/prod-alb/30872abf4f9ccc09",
            "arn_suffix": "app/prod-alb/30872abf4f9ccc09",
            "customer_owned_ipv4_pool": "",
            "desync_mitigation_mode": "defensive",
            "dns_name": "prod-alb-1026250124.us-east-1.elb.amazonaws.com",
            "drop_invalid_header_fields": false,
            "enable_cross_zone_load_balancing": null,
            "enable_deletion_protection": false,
            "enable_http2": true,
            "enable_waf_fail_open": false,
            "id": "arn:aws:elasticloadbalancing:us-east-1:221968583774:loadbalancer/app/prod-alb/30872abf4f9ccc09",
            "idle_timeout": 60,
            "internal": false,
            "ip_address_type": "ipv4",
            "load_balancer_type": "application",
            "name": "prod-alb",
            "name_prefix": null,
            "preserve_host_header": false,
            "security_groups": [
              "sg-0f65a4aaac6a7d65f"
            ],
            "subnet_mapping": [
              {
                "allocation_id": "",
                "ipv6_address": "",
                "outpost_id": "",
                "private_ipv4_address": "",
                "subnet_id": "subnet-054d08f74e853c82d"
              },
              {
                "allocation_id": "",
                "ipv6_address": "",
                "outpost_id": "",
                "private_ipv4_address": "",
                "subnet_id": "subnet-057732de51f5f4cbd"
              },
              {
                "allocation_id": "",
                "ipv6_address": "",
                "outpost_id": "",
                "private_ipv4_address": "",
                "subnet_id": "subnet-0cfaa19876aecaa99"
              }
            ],
            "subnets": [
              "subnet-054d08f74e853c82d",
              "subnet-057732de51f5f4cbd",
              "subnet-0cfaa19876aecaa99"
            ],
            "tags": {
              "Env": "prod",
              "Name": "prod-alb"
            },
            "tags_all": {
              "Env": "prod",
              "Name": "prod-alb"
            },
            "timeouts": null,
            "vpc_id": "vpc-052c5e9e8d32b3c49",
            "zone_id": "Z35SXDOTRQ7X7K"
          },
          "sensitive_attributes": [],
          "private": "eyJlMmJmYjczMC1lY2FhLTExZTYtOGY4OC0zNDM2M2JjN2M0YzAiOnsiY3JlYXRlIjo2MDAwMDAwMDAwMDAsImRlbGV0ZSI6NjAwMDAwMDAwMDAwLCJ1cGRhdGUiOjYwMDAwMDAwMDAwMH19",
          "dependencies": [
            "aws_security_group.tdemo-sg"
          ]
        }
      ]
    },
    {
      "mode": "managed",
      "type": "aws_security_group",
      "name": "tdemo-sg",
      "provider": "provider[\"registry.terraform.io/hashicorp/aws\"]",
      "instances": [
        {
          "schema_version": 1,
          "attributes": {
            "arn": "arn:aws:ec2:us-east-1:221968583774:security-group/sg-0f65a4aaac6a7d65f",
            "description": "Allow SSH and HTTP",
            "egress": [
              {
                "cidr_blocks": [
                  "0.0.0.0/0"
                ],
                "description": "",
                "from_port": 0,
                "ipv6_cidr_blocks": [],
                "prefix_list_ids": [],
                "protocol": "-1",
                "security_groups": [],
                "self": false,
                "to_port": 0
              }
            ],
            "id": "sg-0f65a4aaac6a7d65f",
            "ingress": [
              {
                "cidr_blocks": [
                  "0.0.0.0/0"
                ],
                "description": "HTTP",
                "from_port": 80,
                "ipv6_cidr_blocks": [],
                "prefix_list_ids": [],
                "protocol": "tcp",
                "security_groups": [],
                "self": false,
                "to_port": 80
              },
              {
                "cidr_blocks": [
                  "0.0.0.0/0"
                ],
                "description": "SSH",
                "from_port": 22,
                "ipv6_cidr_blocks": [],
                "prefix_list_ids": [],
                "protocol": "tcp",
                "security_groups": [],
                "self": false,
                "to_port": 22
              }
            ],
            "name": "tdemo-sg",
            "name_prefix": "",
            "owner_id": "221968583774",
            "revoke_rules_on_delete": false,
            "tags": {
              "Name": "tdemo-sg"
            },
            "tags_all": {
              "Name": "tdemo-sg"
            },
            "timeouts": null,
            "vpc_id": "vpc-052c5e9e8d32b3c49"
          },
          "sensitive_attributes": [],
          "private": "eyJlMmJmYjczMC1lY2FhLTExZTYtOGY4OC0zNDM2M2JjN2M0YzAiOnsiY3JlYXRlIjo2MDAwMDAwMDAwMDAsImRlbGV0ZSI6OTAwMDAwMDAwMDAwfSwic2NoZW1hX3ZlcnNpb24iOiIxIn0="
        }
      ]
    }
  ],
  "check_results": null
}
