{
  "version": 4,
  "terraform_version": "1.3.5",
  "serial": 4,
  "lineage": "72b26366-77b6-a6d6-4b05-3ea23d425194",
  "outputs": {},
  "resources": [
    {
      "mode": "managed",
      "type": "aws_instance",
      "name": "webserver",
      "provider": "provider[\"registry.terraform.io/hashicorp/aws\"]",
      "instances": [
        {
          "schema_version": 1,
          "attributes": {
            "ami": "ami-09d3b3274b6c5d4aa",
            "arn": "arn:aws:ec2:us-east-1:221968583774:instance/i-04aa3c139e61d0ef0",
            "associate_public_ip_address": true,
            "availability_zone": "us-east-1b",
            "capacity_reservation_specification": [
              {
                "capacity_reservation_preference": "open",
                "capacity_reservation_target": []
              }
            ],
            "cpu_core_count": 1,
            "cpu_threads_per_core": 2,
            "credit_specification": [
              {
                "cpu_credits": "unlimited"
              }
            ],
            "disable_api_stop": false,
            "disable_api_termination": false,
            "ebs_block_device": [],
            "ebs_optimized": false,
            "enclave_options": [
              {
                "enabled": false
              }
            ],
            "ephemeral_block_device": [],
            "get_password_data": false,
            "hibernation": false,
            "host_id": null,
            "host_resource_group_arn": null,
            "iam_instance_profile": "",
            "id": "i-04aa3c139e61d0ef0",
            "instance_initiated_shutdown_behavior": "stop",
            "instance_state": "running",
            "instance_type": "t3.micro",
            "ipv6_address_count": 0,
            "ipv6_addresses": [],
            "key_name": "tdemo1",
            "launch_template": [],
            "maintenance_options": [
              {
                "auto_recovery": "default"
              }
            ],
            "metadata_options": [
              {
                "http_endpoint": "enabled",
                "http_put_response_hop_limit": 1,
                "http_tokens": "optional",
                "instance_metadata_tags": "disabled"
              }
            ],
            "monitoring": false,
            "network_interface": [],
            "outpost_arn": "",
            "password_data": "",
            "placement_group": "",
            "placement_partition_number": null,
            "primary_network_interface_id": "eni-034a67ab05783f3f0",
            "private_dns": "ip-172-31-5-167.ec2.internal",
            "private_dns_name_options": [
              {
                "enable_resource_name_dns_a_record": false,
                "enable_resource_name_dns_aaaa_record": false,
                "hostname_type": "ip-name"
              }
            ],
            "private_ip": "172.31.5.167",
            "public_dns": "ec2-44-192-59-91.compute-1.amazonaws.com",
            "public_ip": "44.192.59.91",
            "root_block_device": [
              {
                "delete_on_termination": true,
                "device_name": "/dev/xvda",
                "encrypted": false,
                "iops": 100,
                "kms_key_id": "",
                "tags": {},
                "throughput": 0,
                "volume_id": "vol-073ccc088ba55f9d0",
                "volume_size": 8,
                "volume_type": "gp2"
              }
            ],
            "secondary_private_ips": [],
            "security_groups": [
              "tdemo-sg"
            ],
            "source_dest_check": true,
            "subnet_id": "subnet-054d08f74e853c82d",
            "tags": {
              "Env": "dev",
              "Name": "Web Server",
              "Project": "demo"
            },
            "tags_all": {
              "Env": "dev",
              "Name": "Web Server",
              "Project": "demo"
            },
            "tenancy": "default",
            "timeouts": null,
            "user_data": null,
            "user_data_base64": null,
            "user_data_replace_on_change": false,
            "volume_tags": null,
            "vpc_security_group_ids": [
              "sg-0df67e84630f26d35"
            ]
          },
          "sensitive_attributes": [],
          "private": "eyJlMmJmYjczMC1lY2FhLTExZTYtOGY4OC0zNDM2M2JjN2M0YzAiOnsiY3JlYXRlIjo2MDAwMDAwMDAwMDAsImRlbGV0ZSI6MTIwMDAwMDAwMDAwMCwidXBkYXRlIjo2MDAwMDAwMDAwMDB9LCJzY2hlbWFfdmVyc2lvbiI6IjEifQ==",
          "dependencies": [
            "aws_security_group.tdemo-sg"
          ]
        }
      ]
    },
    {
      "mode": "managed",
      "type": "aws_key_pair",
      "name": "tdemo1",
      "provider": "provider[\"registry.terraform.io/hashicorp/aws\"]",
      "instances": [
        {
          "schema_version": 1,
          "attributes": {
            "arn": "arn:aws:ec2:us-east-1:221968583774:key-pair/tdemo1",
            "fingerprint": "a4:68:69:8a:44:44:4a:1c:80:54:e0:fd:dd:36:3b:53",
            "id": "tdemo1",
            "key_name": "tdemo1",
            "key_name_prefix": "",
            "key_pair_id": "key-0b6a0d7ffc550b02e",
            "key_type": "rsa",
            "public_key": "ssh-rsa AAAAB3NzaC1yc2EAAAADAQABAAACAQCfZ1yCN4yM/BdRk7iNsSFZB3Z/Sc3rfI8PvA6A49DTAS7sABFjGoCeec2KeiyRkvA4ViCVI1Jsapn39dkcNSQaPvfD4myvt2VH2cvRGJv0NEDacKbDgS9uPiuPZB5ayxMP7t4HabiEn5XIFfdiT/UKyChP6236NPofYV5yHylZhZXCtMhHUz21CPp11cyliGl5rsKKicNw89z1V6G3zmbaKPnuP+aSTApWJFQlZGOALrJ2tBwON1rsEsoPfN7ZdOM/QF6LG6ifDs/MTAhB+EY+jeMlEt4AHuS+iFPiLFVVo5sWAZfaEaoiDQB+E172c2QrDD1Su8u6VKB5rY75pI2pM27r5cpvacMQclEaIQZCsWW7desNX85gFj0cV2g7yMl1HySu2WdrhQ+kQ5LjVSn4PQVzMvzuZwd/SUC1i6Z50pcqmH6xsPZrPMaDvitvXWBgzbzrLt62gDFlo7uhpU6yc/o/KEnbSTC8uQkO0Djb/S8XxtRHhQfXK4ZBbIJKFIVtFld1dYYr++qPJ1syoFBS2xhhx17AAsGTPpuFgvjAaL8CnX22bE90TnqfUAdbsSwklyVkcVqzNX4jNgDTXFWlDeHFxaxwevPEbh2kABHE8PYIXLIX2cbqzpp5N8AXhqnAveNgmu8MoT1oCi+Om0+GFl+QBrAdWUq4W802rakEfQ== acquia@melvin-hp-pc",
            "tags": null,
            "tags_all": {}
          },
          "sensitive_attributes": [],
          "private": "eyJzY2hlbWFfdmVyc2lvbiI6IjEifQ=="
        }
      ]
    },
    {
      "mode": "managed",
      "type": "aws_security_group",
      "name": "tdemo-sg",
      "provider": "provider[\"registry.terraform.io/hashicorp/aws\"]",
      "instances": [
        {
          "schema_version": 1,
          "attributes": {
            "arn": "arn:aws:ec2:us-east-1:221968583774:security-group/sg-0df67e84630f26d35",
            "description": "Allow SSH and HTTP",
            "egress": [
              {
                "cidr_blocks": [
                  "0.0.0.0/0"
                ],
                "description": "",
                "from_port": 0,
                "ipv6_cidr_blocks": [],
                "prefix_list_ids": [],
                "protocol": "-1",
                "security_groups": [],
                "self": false,
                "to_port": 0
              }
            ],
            "id": "sg-0df67e84630f26d35",
            "ingress": [
              {
                "cidr_blocks": [
                  "0.0.0.0/0"
                ],
                "description": "",
                "from_port": 22,
                "ipv6_cidr_blocks": [],
                "prefix_list_ids": [],
                "protocol": "tcp",
                "security_groups": [],
                "self": false,
                "to_port": 22
              },
              {
                "cidr_blocks": [
                  "0.0.0.0/0"
                ],
                "description": "",
                "from_port": 443,
                "ipv6_cidr_blocks": [],
                "prefix_list_ids": [],
                "protocol": "tcp",
                "security_groups": [],
                "self": false,
                "to_port": 443
              },
              {
                "cidr_blocks": [
                  "0.0.0.0/0"
                ],
                "description": "",
                "from_port": 8080,
                "ipv6_cidr_blocks": [],
                "prefix_list_ids": [],
                "protocol": "tcp",
                "security_groups": [],
                "self": false,
                "to_port": 8080
              },
              {
                "cidr_blocks": [
                  "0.0.0.0/0"
                ],
                "description": "",
                "from_port": 80,
                "ipv6_cidr_blocks": [],
                "prefix_list_ids": [],
                "protocol": "tcp",
                "security_groups": [],
                "self": false,
                "to_port": 80
              }
            ],
            "name": "tdemo-sg",
            "name_prefix": "",
            "owner_id": "221968583774",
            "revoke_rules_on_delete": false,
            "tags": {
              "Name": "tdemo-sg"
            },
            "tags_all": {
              "Name": "tdemo-sg"
            },
            "timeouts": null,
            "vpc_id": "vpc-052c5e9e8d32b3c49"
          },
          "sensitive_attributes": [],
          "private": "eyJlMmJmYjczMC1lY2FhLTExZTYtOGY4OC0zNDM2M2JjN2M0YzAiOnsiY3JlYXRlIjo2MDAwMDAwMDAwMDAsImRlbGV0ZSI6OTAwMDAwMDAwMDAwfSwic2NoZW1hX3ZlcnNpb24iOiIxIn0="
        }
      ]
    }
  ],
  "check_results": null
}
